
Microsoft Visual Studio Solution File, Format Version 12.00
Project("{FAE04EC0-301F-11D3-BF4B-00C04F79EFBC}") = "trackinger", "trackinger\trackinger.csproj", "{C39DBB5C-B547-4795-B58F-15648C83C22F}"
EndProject
Global
	GlobalSection(SolutionConfigurationPlatforms) = preSolution
		Debug|Any CPU = Debug|Any CPU
		Release|Any CPU = Release|Any CPU
	EndGlobalSection
	GlobalSection(ProjectConfigurationPlatforms) = postSolution
		{C39DBB5C-B547-4795-B58F-15648C83C22F}.Debug|Any CPU.ActiveCfg = Debug|Any CPU
		{C39DBB5C-B547-4795-B58F-15648C83C22F}.Debug|Any CPU.Build.0 = Debug|Any CPU
		{C39DBB5C-B547-4795-B58F-15648C83C22F}.Release|Any CPU.ActiveCfg = Release|Any CPU
		{C39DBB5C-B547-4795-B58F-15648C83C22F}.Release|Any CPU.Build.0 = Release|Any CPU
	EndGlobalSection
EndGlobal
